
Microsoft Visual Studio Solution File, Format Version 12.00
# Visual Studio 14
VisualStudioVersion = 14.0.25420.1
MinimumVisualStudioVersion = 10.0.40219.1
Project("{CC5FD16D-436D-48AD-A40C-5A424C6E3E79}") = "AzureCloudService1", "AzureCloudService1\AzureCloudService1.ccproj", "{274D5CB9-A672-4691-9F49-5704D62F6DBB}"
EndProject
Project("{FAE04EC0-301F-11D3-BF4B-00C04F79EFBC}") = "Instrument", "Instrument\Instrument.csproj", "{6CD9F7FB-7535-494F-8EB7-1713532C355F}"
EndProject
Project("{FAE04EC0-301F-11D3-BF4B-00C04F79EFBC}") = "Instrument.Tests", "Instrument.Tests\Instrument.Tests.csproj", "{C2312BA7-E0DB-45AD-A382-5797B7B5366E}"
EndProject
Project("{FAE04EC0-301F-11D3-BF4B-00C04F79EFBC}") = "DataCacheRole", "DataCacheRole\DataCacheRole.csproj", "{76C9A537-B8DE-4A05-9334-AB840F663847}"
EndProject
Global
	GlobalSection(SolutionConfigurationPlatforms) = preSolution
		Debug|Any CPU = Debug|Any CPU
		Release|Any CPU = Release|Any CPU
	EndGlobalSection
	GlobalSection(ProjectConfigurationPlatforms) = postSolution
		{274D5CB9-A672-4691-9F49-5704D62F6DBB}.Debug|Any CPU.ActiveCfg = Debug|Any CPU
		{274D5CB9-A672-4691-9F49-5704D62F6DBB}.Debug|Any CPU.Build.0 = Debug|Any CPU
		{274D5CB9-A672-4691-9F49-5704D62F6DBB}.Release|Any CPU.ActiveCfg = Release|Any CPU
		{274D5CB9-A672-4691-9F49-5704D62F6DBB}.Release|Any CPU.Build.0 = Release|Any CPU
		{6CD9F7FB-7535-494F-8EB7-1713532C355F}.Debug|Any CPU.ActiveCfg = Debug|Any CPU
		{6CD9F7FB-7535-494F-8EB7-1713532C355F}.Debug|Any CPU.Build.0 = Debug|Any CPU
		{6CD9F7FB-7535-494F-8EB7-1713532C355F}.Release|Any CPU.ActiveCfg = Release|Any CPU
		{6CD9F7FB-7535-494F-8EB7-1713532C355F}.Release|Any CPU.Build.0 = Release|Any CPU
		{C2312BA7-E0DB-45AD-A382-5797B7B5366E}.Debug|Any CPU.ActiveCfg = Debug|Any CPU
		{C2312BA7-E0DB-45AD-A382-5797B7B5366E}.Debug|Any CPU.Build.0 = Debug|Any CPU
		{C2312BA7-E0DB-45AD-A382-5797B7B5366E}.Release|Any CPU.ActiveCfg = Release|Any CPU
		{C2312BA7-E0DB-45AD-A382-5797B7B5366E}.Release|Any CPU.Build.0 = Release|Any CPU
		{76C9A537-B8DE-4A05-9334-AB840F663847}.Debug|Any CPU.ActiveCfg = Debug|Any CPU
		{76C9A537-B8DE-4A05-9334-AB840F663847}.Debug|Any CPU.Build.0 = Debug|Any CPU
		{76C9A537-B8DE-4A05-9334-AB840F663847}.Release|Any CPU.ActiveCfg = Release|Any CPU
		{76C9A537-B8DE-4A05-9334-AB840F663847}.Release|Any CPU.Build.0 = Release|Any CPU
	EndGlobalSection
	GlobalSection(SolutionProperties) = preSolution
		HideSolutionNode = FALSE
	EndGlobalSection
EndGlobal
